# This file is automatically @generated by Poetry 1.4.2 and should not be changed by hand.

[[package]]
name = "click"
version = "8.1.3"
description = "Composable command line interface toolkit"
category = "main"
optional = false
python-versions = ">=3.7"
files = [
    {file = "click-8.1.3-py3-none-any.whl", hash = "sha256:bb4d8133cb15a609f44e8213d9b391b0809795062913b383c62be0ee95b1db48"},
    {file = "click-8.1.3.tar.gz", hash = "sha256:7682dc8afb30297001674575ea00d1814d808d6a36af415a82bd481d37ba7b8e"},
]

[package.dependencies]
colorama = {version = "*", markers = "platform_system == \"Windows\""}

[[package]]
name = "colorama"
version = "0.4.6"
description = "Cross-platform colored terminal text."
category = "main"
optional = false
python-versions = "!=3.0.*,!=3.1.*,!=3.2.*,!=3.3.*,!=3.4.*,!=3.5.*,!=3.6.*,>=2.7"
files = [
    {file = "colorama-0.4.6-py2.py3-none-any.whl", hash = "sha256:4f1d9991f5acc0ca119f9d443620b77f9d6b33703e51011c16baf57afb285fc6"},
    {file = "colorama-0.4.6.tar.gz", hash = "sha256:08695f5cb7ed6e0531a20572697297273c47b8cae5a63ffc6d6ed5c201be6e44"},
]

[[package]]
name = "pymupdf"
version = "1.22.5"
description = "Python bindings for the PDF toolkit and renderer MuPDF"
category = "main"
optional = false
python-versions = ">=3.7"
files = [
    {file = "PyMuPDF-1.22.5-cp310-cp310-macosx_10_9_x86_64.whl", hash = "sha256:640b8e4cb116dd87a3c854e49808a4f63625e663a7bc5b1efc971db5b4775367"},
    {file = "PyMuPDF-1.22.5-cp310-cp310-macosx_11_0_arm64.whl", hash = "sha256:17efbbf0e2d99d24cfc302fac512928eb294f10b7b67d597d04dafd012812e4e"},
    {file = "PyMuPDF-1.22.5-cp310-cp310-manylinux_2_17_aarch64.manylinux2014_aarch64.whl", hash = "sha256:9bc9b9bf0f2beea3911750d2d66247608be8cbad33b7a050cacec9e4c105a1ca"},
    {file = "PyMuPDF-1.22.5-cp310-cp310-manylinux_2_17_x86_64.manylinux2014_x86_64.whl", hash = "sha256:e7734a32a91eea4b502b8f9d2915cdba0a372226e14fb983876d763110dcefef"},
    {file = "PyMuPDF-1.22.5-cp310-cp310-win32.whl", hash = "sha256:c2fd70ca9961f7871810dce1b7d0a42a69eb8ff2d786621123952bd505a6867e"},
    {file = "PyMuPDF-1.22.5-cp310-cp310-win_amd64.whl", hash = "sha256:add310c96df6933cfb4ce3821c9c7b5c133e8aa609a4c9416e1c7af546163488"},
    {file = "PyMuPDF-1.22.5-cp311-cp311-macosx_10_9_x86_64.whl", hash = "sha256:017aaba511526facfc928e9d95d2c10d28a2821b05b9039bf422031a7da8584e"},
    {file = "PyMuPDF-1.22.5-cp311-cp311-macosx_11_0_arm64.whl", hash = "sha256:6fe5e44a14864d921fb96669a82f9635846806176f77f1d73c61feb84ebf4d84"},
    {file = "PyMuPDF-1.22.5-cp311-cp311-manylinux_2_17_aarch64.manylinux2014_aarch64.whl", hash = "sha256:2e74d766f79e41e10c51865233042ab2cc4612ca7942812dca0603f4d0f8f73d"},
    {file = "PyMuPDF-1.22.5-cp311-cp311-manylinux_2_17_x86_64.manylinux2014_x86_64.whl", hash = "sha256:fe8175452fcc99a0af6429d8acd87682a3a70c5879d73532c7327f71ce508a35"},
    {file = "PyMuPDF-1.22.5-cp311-cp311-win32.whl", hash = "sha256:42f59f4999d7f8b35c850050bd965e98c081a7d9b92d5f9dcf30203b30d06876"},
    {file = "PyMuPDF-1.22.5-cp311-cp311-win_amd64.whl", hash = "sha256:3d71c47aa14b73f2df7d03be8c547a05df6c6898d8c63a0f752b26f206eefd3c"},
    {file = "PyMuPDF-1.22.5-cp37-cp37m-macosx_10_9_x86_64.whl", hash = "sha256:4bcad7ea4b3ab82c46fe8da27ec738d38c213ed9935ef67d98ed09574d9a234e"},
    {file = "PyMuPDF-1.22.5-cp37-cp37m-manylinux_2_17_aarch64.manylinux2014_aarch64.whl", hash = "sha256:7b04a83ddcb3f7c935c75a1f7f6050c85fe4062a2ea64c47ee6bda788d037761"},
    {file = "PyMuPDF-1.22.5-cp37-cp37m-manylinux_2_17_x86_64.manylinux2014_x86_64.whl", hash = "sha256:d02ee28663077f15d529b04d27588b174fa937daf73a294df279bbf70c468f5c"},
    {file = "PyMuPDF-1.22.5-cp37-cp37m-win32.whl", hash = "sha256:411fc35f6dae16ec940b6b0406e84be6ff29f93b30908ea1427e2a4bd594d4ba"},
    {file = "PyMuPDF-1.22.5-cp37-cp37m-win_amd64.whl", hash = "sha256:7c8c0f686865e330de90b93d53b100f7f07c2f10f5449ceb721121f459f7cc4a"},
    {file = "PyMuPDF-1.22.5-cp38-cp38-macosx_10_9_x86_64.whl", hash = "sha256:64ae9f81b8fe0a3e6386a24887a92736793479c5918ecac3b7deac2d02abf1f2"},
    {file = "PyMuPDF-1.22.5-cp38-cp38-macosx_11_0_arm64.whl", hash = "sha256:7562436dadf8382e59ac3739fbbf9d5b2d807fafc7f28cb884863430e0de6505"},
    {file = "PyMuPDF-1.22.5-cp38-cp38-manylinux_2_17_aarch64.manylinux2014_aarch64.whl", hash = "sha256:d0c22046e5f2cf0d72f9809a967340db1b238fefe58322896bc7c3f3d1d10b42"},
    {file = "PyMuPDF-1.22.5-cp38-cp38-manylinux_2_17_x86_64.manylinux2014_x86_64.whl", hash = "sha256:efa601dc4116c17a6b09255b031b5a1891e3ac18b50ec536452a725a6b75db8d"},
    {file = "PyMuPDF-1.22.5-cp38-cp38-win32.whl", hash = "sha256:3d0fe749e648f5245059d5f771fb50c1a988a1d2e82268b56377b2176a9fee5d"},
    {file = "PyMuPDF-1.22.5-cp38-cp38-win_amd64.whl", hash = "sha256:4fbc5bfe6ecc53929e3fd0db9846fb7da084ddb4b1fc1063857245fa783974d9"},
    {file = "PyMuPDF-1.22.5-cp39-cp39-macosx_10_9_x86_64.whl", hash = "sha256:87b36e0797ab7fbb7ef594c7a6e0febc7ffb4101a42ea796726a8288391a3769"},
    {file = "PyMuPDF-1.22.5-cp39-cp39-macosx_11_0_arm64.whl", hash = "sha256:01119edb7e4c3dd8c154d237b8ac927bd359eea8d31468f9a89aa308b5bca04e"},
    {file = "PyMuPDF-1.22.5-cp39-cp39-manylinux_2_17_aarch64.manylinux2014_aarch64.whl", hash = "sha256:fde02fcb387863873b56730f4b9f65515d87c92c12299f0f0a74b3ccdfe35062"},
    {file = "PyMuPDF-1.22.5-cp39-cp39-manylinux_2_17_x86_64.manylinux2014_x86_64.whl", hash = "sha256:30c55814bbf6461aef9b34cb524d1d14857d5ec6ccfbb78ecfb1d07dfc40eeb8"},
    {file = "PyMuPDF-1.22.5-cp39-cp39-win32.whl", hash = "sha256:0542178c3a399282903705a8cc298e7f33f4770605e0a9db344aff5d375bcf0b"},
    {file = "PyMuPDF-1.22.5-cp39-cp39-win_amd64.whl", hash = "sha256:f8ca46a6987e14f58ec8dfda2d2376bacd113c1fec5f58bebf90838bb4408ab9"},
    {file = "PyMuPDF-1.22.5.tar.gz", hash = "sha256:5ec8d5106752297529d0d68d46cfc4ce99914aabd99be843f1599a1842d63fe9"},
]

[metadata]
lock-version = "2.0"
python-versions = "^3.9"
content-hash = "55e45a1195bda9e9409cf5e54b352126c908ce4054a9b1c0bb82394e64df0b2d"
